// !$*UTF8*$!
{
	archiveVersion = 1;
	classes = {
	};
	objectVersion = 48;
	objects = {

/* Begin PBXBuildFile section */
		A61936FE20EB222600848E7F /* JenkinsFastlaneTestTests.swift in Sources */ = {isa = PBXBuildFile; fileRef = A61936FD20EB222600848E7F /* JenkinsFastlaneTestTests.swift */; };
		A619370620EB233D00848E7F /* SnapshotHelper.swift in Sources */ = {isa = PBXBuildFile; fileRef = A619370520EB233D00848E7F /* SnapshotHelper.swift */; };
		A61B8D8320EA40D7005B413F /* JenkinsFastlaneTestUITests.swift in Sources */ = {isa = PBXBuildFile; fileRef = A61B8D8220EA40D7005B413F /* JenkinsFastlaneTestUITests.swift */; };
		E7CB8C2120EA0F80002287DA /* AppDelegate.swift in Sources */ = {isa = PBXBuildFile; fileRef = E7CB8C2020EA0F80002287DA /* AppDelegate.swift */; };
		E7CB8C2320EA0F80002287DA /* MasterViewController.swift in Sources */ = {isa = PBXBuildFile; fileRef = E7CB8C2220EA0F80002287DA /* MasterViewController.swift */; };
		E7CB8C2520EA0F80002287DA /* DetailViewController.swift in Sources */ = {isa = PBXBuildFile; fileRef = E7CB8C2420EA0F80002287DA /* DetailViewController.swift */; };
		E7CB8C2820EA0F80002287DA /* Main.storyboard in Resources */ = {isa = PBXBuildFile; fileRef = E7CB8C2620EA0F80002287DA /* Main.storyboard */; };
		E7CB8C2A20EA0F80002287DA /* Assets.xcassets in Resources */ = {isa = PBXBuildFile; fileRef = E7CB8C2920EA0F80002287DA /* Assets.xcassets */; };
		E7CB8C2D20EA0F80002287DA /* LaunchScreen.storyboard in Resources */ = {isa = PBXBuildFile; fileRef = E7CB8C2B20EA0F80002287DA /* LaunchScreen.storyboard */; };
/* End PBXBuildFile section */

/* Begin PBXContainerItemProxy section */
		A619370020EB222600848E7F /* PBXContainerItemProxy */ = {
			isa = PBXContainerItemProxy;
			containerPortal = E7CB8C1520EA0F80002287DA /* Project object */;
			proxyType = 1;
			remoteGlobalIDString = E7CB8C1C20EA0F80002287DA;
			remoteInfo = JenkinsFastlaneTest;
		};
		A61B8D8520EA40D7005B413F /* PBXContainerItemProxy */ = {
			isa = PBXContainerItemProxy;
			containerPortal = E7CB8C1520EA0F80002287DA /* Project object */;
			proxyType = 1;
			remoteGlobalIDString = E7CB8C1C20EA0F80002287DA;
			remoteInfo = JenkinsFastlaneTest;
		};
/* End PBXContainerItemProxy section */

/* Begin PBXFileReference section */
		A61936FB20EB222600848E7F /* JenkinsFastlaneTestTests.xctest */ = {isa = PBXFileReference; explicitFileType = wrapper.cfbundle; includeInIndex = 0; path = JenkinsFastlaneTestTests.xctest; sourceTree = BUILT_PRODUCTS_DIR; };
		A61936FD20EB222600848E7F /* JenkinsFastlaneTestTests.swift */ = {isa = PBXFileReference; lastKnownFileType = sourcecode.swift; path = JenkinsFastlaneTestTests.swift; sourceTree = "<group>"; };
		A61936FF20EB222600848E7F /* Info.plist */ = {isa = PBXFileReference; lastKnownFileType = text.plist.xml; path = Info.plist; sourceTree = "<group>"; };
		A619370520EB233D00848E7F /* SnapshotHelper.swift */ = {isa = PBXFileReference; fileEncoding = 4; lastKnownFileType = sourcecode.swift; name = SnapshotHelper.swift; path = fastlane/SnapshotHelper.swift; sourceTree = SOURCE_ROOT; };
		A61B8D8020EA40D7005B413F /* JenkinsFastlaneTestUITests.xctest */ = {isa = PBXFileReference; explicitFileType = wrapper.cfbundle; includeInIndex = 0; path = JenkinsFastlaneTestUITests.xctest; sourceTree = BUILT_PRODUCTS_DIR; };
		A61B8D8220EA40D7005B413F /* JenkinsFastlaneTestUITests.swift */ = {isa = PBXFileReference; lastKnownFileType = sourcecode.swift; path = JenkinsFastlaneTestUITests.swift; sourceTree = "<group>"; };
		A61B8D8420EA40D7005B413F /* Info.plist */ = {isa = PBXFileReference; lastKnownFileType = text.plist.xml; path = Info.plist; sourceTree = "<group>"; };
		E7CB8C1D20EA0F80002287DA /* JenkinsFastlaneTest.app */ = {isa = PBXFileReference; explicitFileType = wrapper.application; includeInIndex = 0; path = JenkinsFastlaneTest.app; sourceTree = BUILT_PRODUCTS_DIR; };
		E7CB8C2020EA0F80002287DA /* AppDelegate.swift */ = {isa = PBXFileReference; lastKnownFileType = sourcecode.swift; path = AppDelegate.swift; sourceTree = "<group>"; };
		E7CB8C2220EA0F80002287DA /* MasterViewController.swift */ = {isa = PBXFileReference; lastKnownFileType = sourcecode.swift; path = MasterViewController.swift; sourceTree = "<group>"; };
		E7CB8C2420EA0F80002287DA /* DetailViewController.swift */ = {isa = PBXFileReference; lastKnownFileType = sourcecode.swift; path = DetailViewController.swift; sourceTree = "<group>"; };
		E7CB8C2720EA0F80002287DA /* Base */ = {isa = PBXFileReference; lastKnownFileType = file.storyboard; name = Base; path = Base.lproj/Main.storyboard; sourceTree = "<group>"; };
		E7CB8C2920EA0F80002287DA /* Assets.xcassets */ = {isa = PBXFileReference; lastKnownFileType = folder.assetcatalog; path = Assets.xcassets; sourceTree = "<group>"; };
		E7CB8C2C20EA0F80002287DA /* Base */ = {isa = PBXFileReference; lastKnownFileType = file.storyboard; name = Base; path = Base.lproj/LaunchScreen.storyboard; sourceTree = "<group>"; };
		E7CB8C2E20EA0F80002287DA /* Info.plist */ = {isa = PBXFileReference; lastKnownFileType = text.plist.xml; path = Info.plist; sourceTree = "<group>"; };
/* End PBXFileReference section */

/* Begin PBXFrameworksBuildPhase section */
		A61936F820EB222600848E7F /* Frameworks */ = {
			isa = PBXFrameworksBuildPhase;
			buildActionMask = 2147483647;
			files = (
			);
			runOnlyForDeploymentPostprocessing = 0;
		};
		A61B8D7D20EA40D7005B413F /* Frameworks */ = {
			isa = PBXFrameworksBuildPhase;
			buildActionMask = 2147483647;
			files = (
			);
			runOnlyForDeploymentPostprocessing = 0;
		};
		E7CB8C1A20EA0F80002287DA /* Frameworks */ = {
			isa = PBXFrameworksBuildPhase;
			buildActionMask = 2147483647;
			files = (
			);
			runOnlyForDeploymentPostprocessing = 0;
		};
/* End PBXFrameworksBuildPhase section */

/* Begin PBXGroup section */
		A61936FC20EB222600848E7F /* JenkinsFastlaneTestTests */ = {
			isa = PBXGroup;
			children = (
				A61936FD20EB222600848E7F /* JenkinsFastlaneTestTests.swift */,
				A61936FF20EB222600848E7F /* Info.plist */,
			);
			path = JenkinsFastlaneTestTests;
			sourceTree = "<group>";
		};
		A61B8D8120EA40D7005B413F /* JenkinsFastlaneTestUITests */ = {
			isa = PBXGroup;
			children = (
				A619370520EB233D00848E7F /* SnapshotHelper.swift */,
				A61B8D8220EA40D7005B413F /* JenkinsFastlaneTestUITests.swift */,
				A61B8D8420EA40D7005B413F /* Info.plist */,
			);
			path = JenkinsFastlaneTestUITests;
			sourceTree = "<group>";
		};
		E7CB8C1420EA0F80002287DA = {
			isa = PBXGroup;
			children = (
				E7CB8C1F20EA0F80002287DA /* JenkinsFastlaneTest */,
				A61B8D8120EA40D7005B413F /* JenkinsFastlaneTestUITests */,
				A61936FC20EB222600848E7F /* JenkinsFastlaneTestTests */,
				E7CB8C1E20EA0F80002287DA /* Products */,
			);
			sourceTree = "<group>";
		};
		E7CB8C1E20EA0F80002287DA /* Products */ = {
			isa = PBXGroup;
			children = (
				E7CB8C1D20EA0F80002287DA /* JenkinsFastlaneTest.app */,
				A61B8D8020EA40D7005B413F /* JenkinsFastlaneTestUITests.xctest */,
				A61936FB20EB222600848E7F /* JenkinsFastlaneTestTests.xctest */,
			);
			name = Products;
			sourceTree = "<group>";
		};
		E7CB8C1F20EA0F80002287DA /* JenkinsFastlaneTest */ = {
			isa = PBXGroup;
			children = (
				E7CB8C2020EA0F80002287DA /* AppDelegate.swift */,
				E7CB8C2220EA0F80002287DA /* MasterViewController.swift */,
				E7CB8C2420EA0F80002287DA /* DetailViewController.swift */,
				E7CB8C2620EA0F80002287DA /* Main.storyboard */,
				E7CB8C2920EA0F80002287DA /* Assets.xcassets */,
				E7CB8C2B20EA0F80002287DA /* LaunchScreen.storyboard */,
				E7CB8C2E20EA0F80002287DA /* Info.plist */,
			);
			path = JenkinsFastlaneTest;
			sourceTree = "<group>";
		};
/* End PBXGroup section */

/* Begin PBXNativeTarget section */
		A61936FA20EB222600848E7F /* JenkinsFastlaneTestTests */ = {
			isa = PBXNativeTarget;
			buildConfigurationList = A619370220EB222600848E7F /* Build configuration list for PBXNativeTarget "JenkinsFastlaneTestTests" */;
			buildPhases = (
				A61936F720EB222600848E7F /* Sources */,
				A61936F820EB222600848E7F /* Frameworks */,
				A61936F920EB222600848E7F /* Resources */,
			);
			buildRules = (
			);
			dependencies = (
				A619370120EB222600848E7F /* PBXTargetDependency */,
			);
			name = JenkinsFastlaneTestTests;
			productName = JenkinsFastlaneTestTests;
			productReference = A61936FB20EB222600848E7F /* JenkinsFastlaneTestTests.xctest */;
			productType = "com.apple.product-type.bundle.unit-test";
		};
		A61B8D7F20EA40D7005B413F /* JenkinsFastlaneTestUITests */ = {
			isa = PBXNativeTarget;
			buildConfigurationList = A61B8D8720EA40D7005B413F /* Build configuration list for PBXNativeTarget "JenkinsFastlaneTestUITests" */;
			buildPhases = (
				A61B8D7C20EA40D7005B413F /* Sources */,
				A61B8D7D20EA40D7005B413F /* Frameworks */,
				A61B8D7E20EA40D7005B413F /* Resources */,
			);
			buildRules = (
			);
			dependencies = (
				A61B8D8620EA40D7005B413F /* PBXTargetDependency */,
			);
			name = JenkinsFastlaneTestUITests;
			productName = JenkinsFastlaneTestUITests;
			productReference = A61B8D8020EA40D7005B413F /* JenkinsFastlaneTestUITests.xctest */;
			productType = "com.apple.product-type.bundle.ui-testing";
		};
		E7CB8C1C20EA0F80002287DA /* JenkinsFastlaneTest */ = {
			isa = PBXNativeTarget;
			buildConfigurationList = E7CB8C4720EA0F80002287DA /* Build configuration list for PBXNativeTarget "JenkinsFastlaneTest" */;
			buildPhases = (
				E7CB8C1920EA0F80002287DA /* Sources */,
				E7CB8C1A20EA0F80002287DA /* Frameworks */,
				E7CB8C1B20EA0F80002287DA /* Resources */,
			);
			buildRules = (
			);
			dependencies = (
			);
			name = JenkinsFastlaneTest;
			productName = JenkinsFastlaneTest;
			productReference = E7CB8C1D20EA0F80002287DA /* JenkinsFastlaneTest.app */;
			productType = "com.apple.product-type.application";
		};
/* End PBXNativeTarget section */

/* Begin PBXProject section */
		E7CB8C1520EA0F80002287DA /* Project object */ = {
			isa = PBXProject;
			attributes = {
				LastSwiftUpdateCheck = 0920;
				LastUpgradeCheck = 0920;
				ORGANIZATIONNAME = Pratibha;
				TargetAttributes = {
					A61936FA20EB222600848E7F = {
						CreatedOnToolsVersion = 9.2;
						ProvisioningStyle = Manual;
						TestTargetID = E7CB8C1C20EA0F80002287DA;
					};
					A61B8D7F20EA40D7005B413F = {
						CreatedOnToolsVersion = 9.2;
						ProvisioningStyle = Automatic;
						TestTargetID = E7CB8C1C20EA0F80002287DA;
					};
					E7CB8C1C20EA0F80002287DA = {
						CreatedOnToolsVersion = 9.2;
						ProvisioningStyle = Manual;
					};
				};
			};
			buildConfigurationList = E7CB8C1820EA0F80002287DA /* Build configuration list for PBXProject "JenkinsFastlaneTest" */;
			compatibilityVersion = "Xcode 8.0";
			developmentRegion = en;
			hasScannedForEncodings = 0;
			knownRegions = (
				en,
				Base,
			);
			mainGroup = E7CB8C1420EA0F80002287DA;
			productRefGroup = E7CB8C1E20EA0F80002287DA /* Products */;
			projectDirPath = "";
			projectRoot = "";
			targets = (
				E7CB8C1C20EA0F80002287DA /* JenkinsFastlaneTest */,
				A61B8D7F20EA40D7005B413F /* JenkinsFastlaneTestUITests */,
				A61936FA20EB222600848E7F /* JenkinsFastlaneTestTests */,
			);
		};
/* End PBXProject section */

/* Begin PBXResourcesBuildPhase section */
		A61936F920EB222600848E7F /* Resources */ = {
			isa = PBXResourcesBuildPhase;
			buildActionMask = 2147483647;
			files = (
			);
			runOnlyForDeploymentPostprocessing = 0;
		};
		A61B8D7E20EA40D7005B413F /* Resources */ = {
			isa = PBXResourcesBuildPhase;
			buildActionMask = 2147483647;
			files = (
			);
			runOnlyForDeploymentPostprocessing = 0;
		};
		E7CB8C1B20EA0F80002287DA /* Resources */ = {
			isa = PBXResourcesBuildPhase;
			buildActionMask = 2147483647;
			files = (
				E7CB8C2D20EA0F80002287DA /* LaunchScreen.storyboard in Resources */,
				E7CB8C2A20EA0F80002287DA /* Assets.xcassets in Resources */,
				E7CB8C2820EA0F80002287DA /* Main.storyboard in Resources */,
			);
			runOnlyForDeploymentPostprocessing = 0;
		};
/* End PBXResourcesBuildPhase section */

/* Begin PBXSourcesBuildPhase section */
		A61936F720EB222600848E7F /* Sources */ = {
			isa = PBXSourcesBuildPhase;
			buildActionMask = 2147483647;
			files = (
				A61936FE20EB222600848E7F /* JenkinsFastlaneTestTests.swift in Sources */,
			);
			runOnlyForDeploymentPostprocessing = 0;
		};
		A61B8D7C20EA40D7005B413F /* Sources */ = {
			isa = PBXSourcesBuildPhase;
			buildActionMask = 2147483647;
			files = (
				A61B8D8320EA40D7005B413F /* JenkinsFastlaneTestUITests.swift in Sources */,
				A619370620EB233D00848E7F /* SnapshotHelper.swift in Sources */,
			);
			runOnlyForDeploymentPostprocessing = 0;
		};
		E7CB8C1920EA0F80002287DA /* Sources */ = {
			isa = PBXSourcesBuildPhase;
			buildActionMask = 2147483647;
			files = (
				E7CB8C2520EA0F80002287DA /* DetailViewController.swift in Sources */,
				E7CB8C2320EA0F80002287DA /* MasterViewController.swift in Sources */,
				E7CB8C2120EA0F80002287DA /* AppDelegate.swift in Sources */,
			);
			runOnlyForDeploymentPostprocessing = 0;
		};
/* End PBXSourcesBuildPhase section */

/* Begin PBXTargetDependency section */
		A619370120EB222600848E7F /* PBXTargetDependency */ = {
			isa = PBXTargetDependency;
			target = E7CB8C1C20EA0F80002287DA /* JenkinsFastlaneTest */;
			targetProxy = A619370020EB222600848E7F /* PBXContainerItemProxy */;
		};
		A61B8D8620EA40D7005B413F /* PBXTargetDependency */ = {
			isa = PBXTargetDependency;
			target = E7CB8C1C20EA0F80002287DA /* JenkinsFastlaneTest */;
			targetProxy = A61B8D8520EA40D7005B413F /* PBXContainerItemProxy */;
		};
/* End PBXTargetDependency section */

/* Begin PBXVariantGroup section */
		E7CB8C2620EA0F80002287DA /* Main.storyboard */ = {
			isa = PBXVariantGroup;
			children = (
				E7CB8C2720EA0F80002287DA /* Base */,
			);
			name = Main.storyboard;
			sourceTree = "<group>";
		};
		E7CB8C2B20EA0F80002287DA /* LaunchScreen.storyboard */ = {
			isa = PBXVariantGroup;
			children = (
				E7CB8C2C20EA0F80002287DA /* Base */,
			);
			name = LaunchScreen.storyboard;
			sourceTree = "<group>";
		};
/* End PBXVariantGroup section */

/* Begin XCBuildConfiguration section */
		A619370320EB222600848E7F /* Debug */ = {
			isa = XCBuildConfiguration;
			buildSettings = {
				BUNDLE_LOADER = "$(TEST_HOST)";
				CODE_SIGN_IDENTITY = "iPhone Distribution: DB Systel GmbH";
				CODE_SIGN_STYLE = Manual;
				DEVELOPMENT_TEAM = "";
				INFOPLIST_FILE = JenkinsFastlaneTestTests/Info.plist;
				LD_RUNPATH_SEARCH_PATHS = "$(inherited) @executable_path/Frameworks @loader_path/Frameworks";
				PRODUCT_BUNDLE_IDENTIFIER = com.dbsystel.JenkinsFastlaneTestTests;
				PRODUCT_NAME = "$(TARGET_NAME)";
				SWIFT_VERSION = 4.0;
				TARGETED_DEVICE_FAMILY = "1,2";
				TEST_HOST = "$(BUILT_PRODUCTS_DIR)/JenkinsFastlaneTest.app/JenkinsFastlaneTest";
			};
			name = Debug;
		};
		A619370420EB222600848E7F /* Release */ = {
			isa = XCBuildConfiguration;
			buildSettings = {
				BUNDLE_LOADER = "$(TEST_HOST)";
				CODE_SIGN_IDENTITY = "iPhone Distribution: DB Systel GmbH";
				CODE_SIGN_STYLE = Manual;
				DEVELOPMENT_TEAM = "";
				INFOPLIST_FILE = JenkinsFastlaneTestTests/Info.plist;
				LD_RUNPATH_SEARCH_PATHS = "$(inherited) @executable_path/Frameworks @loader_path/Frameworks";
				PRODUCT_BUNDLE_IDENTIFIER = com.dbsystel.JenkinsFastlaneTestTests;
				PRODUCT_NAME = "$(TARGET_NAME)";
				SWIFT_VERSION = 4.0;
				TARGETED_DEVICE_FAMILY = "1,2";
				TEST_HOST = "$(BUILT_PRODUCTS_DIR)/JenkinsFastlaneTest.app/JenkinsFastlaneTest";
			};
			name = Release;
		};
		A61B8D8820EA40D7005B413F /* Debug */ = {
			isa = XCBuildConfiguration;
			buildSettings = {
				CODE_SIGN_IDENTITY = "iPhone Developer";
				"CODE_SIGN_IDENTITY[sdk=iphoneos*]" = "iPhone Developer";
				CODE_SIGN_STYLE = Automatic;
				DEVELOPMENT_TEAM = WY955LPLRA;
				INFOPLIST_FILE = JenkinsFastlaneTestUITests/Info.plist;
				LD_RUNPATH_SEARCH_PATHS = "$(inherited) @executable_path/Frameworks @loader_path/Frameworks";
				PRODUCT_BUNDLE_IDENTIFIER = com.dbsystel.JenkinsFastlaneTestUITests;
				PRODUCT_NAME = "$(TARGET_NAME)";
				PROVISIONING_PROFILE = "";
				PROVISIONING_PROFILE_SPECIFIER = "";
				SWIFT_VERSION = 4.0;
				TARGETED_DEVICE_FAMILY = "1,2";
				TEST_TARGET_NAME = JenkinsFastlaneTest;
			};
			name = Debug;
		};
		A61B8D8920EA40D7005B413F /* Release */ = {
			isa = XCBuildConfiguration;
			buildSettings = {
				CODE_SIGN_IDENTITY = "iPhone Developer";
				"CODE_SIGN_IDENTITY[sdk=iphoneos*]" = "iPhone Developer";
				CODE_SIGN_STYLE = Automatic;
				DEVELOPMENT_TEAM = WY955LPLRA;
				INFOPLIST_FILE = JenkinsFastlaneTestUITests/Info.plist;
				LD_RUNPATH_SEARCH_PATHS = "$(inherited) @executable_path/Frameworks @loader_path/Frameworks";
				PRODUCT_BUNDLE_IDENTIFIER = com.dbsystel.JenkinsFastlaneTestUITests;
				PRODUCT_NAME = "$(TARGET_NAME)";
				PROVISIONING_PROFILE = "";
				PROVISIONING_PROFILE_SPECIFIER = "";
				SWIFT_VERSION = 4.0;
				TARGETED_DEVICE_FAMILY = "1,2";
				TEST_TARGET_NAME = JenkinsFastlaneTest;
			};
			name = Release;
		};
		E7CB8C4520EA0F80002287DA /* Debug */ = {
			isa = XCBuildConfiguration;
			buildSettings = {
				ALWAYS_SEARCH_USER_PATHS = NO;
				CLANG_ANALYZER_NONNULL = YES;
				CLANG_ANALYZER_NUMBER_OBJECT_CONVERSION = YES_AGGRESSIVE;
				CLANG_CXX_LANGUAGE_STANDARD = "gnu++14";
				CLANG_CXX_LIBRARY = "libc++";
				CLANG_ENABLE_MODULES = YES;
				CLANG_ENABLE_OBJC_ARC = YES;
				CLANG_WARN_BLOCK_CAPTURE_AUTORELEASING = YES;
				CLANG_WARN_BOOL_CONVERSION = YES;
				CLANG_WARN_COMMA = YES;
				CLANG_WARN_CONSTANT_CONVERSION = YES;
				CLANG_WARN_DIRECT_OBJC_ISA_USAGE = YES_ERROR;
				CLANG_WARN_DOCUMENTATION_COMMENTS = YES;
				CLANG_WARN_EMPTY_BODY = YES;
				CLANG_WARN_ENUM_CONVERSION = YES;
				CLANG_WARN_INFINITE_RECURSION = YES;
				CLANG_WARN_INT_CONVERSION = YES;
				CLANG_WARN_NON_LITERAL_NULL_CONVERSION = YES;
				CLANG_WARN_OBJC_LITERAL_CONVERSION = YES;
				CLANG_WARN_OBJC_ROOT_CLASS = YES_ERROR;
				CLANG_WARN_RANGE_LOOP_ANALYSIS = YES;
				CLANG_WARN_STRICT_PROTOTYPES = YES;
				CLANG_WARN_SUSPICIOUS_MOVE = YES;
				CLANG_WARN_UNGUARDED_AVAILABILITY = YES_AGGRESSIVE;
				CLANG_WARN_UNREACHABLE_CODE = YES;
				CLANG_WARN__DUPLICATE_METHOD_MATCH = YES;
				CODE_SIGN_IDENTITY = "iPhone Distribution: DB Systel GmbH";
				CODE_SIGN_STYLE = Manual;
				COPY_PHASE_STRIP = NO;
				DEBUG_INFORMATION_FORMAT = dwarf;
				ENABLE_STRICT_OBJC_MSGSEND = YES;
				ENABLE_TESTABILITY = YES;
				GCC_C_LANGUAGE_STANDARD = gnu11;
				GCC_DYNAMIC_NO_PIC = NO;
				GCC_NO_COMMON_BLOCKS = YES;
				GCC_OPTIMIZATION_LEVEL = 0;
				GCC_PREPROCESSOR_DEFINITIONS = (
					"DEBUG=1",
					"$(inherited)",
				);
				GCC_WARN_64_TO_32_BIT_CONVERSION = YES;
				GCC_WARN_ABOUT_RETURN_TYPE = YES_ERROR;
				GCC_WARN_UNDECLARED_SELECTOR = YES;
				GCC_WARN_UNINITIALIZED_AUTOS = YES_AGGRESSIVE;
				GCC_WARN_UNUSED_FUNCTION = YES;
				GCC_WARN_UNUSED_VARIABLE = YES;
				IPHONEOS_DEPLOYMENT_TARGET = 11.2;
				MTL_ENABLE_DEBUG_INFO = YES;
				ONLY_ACTIVE_ARCH = YES;
				SDKROOT = iphoneos;
				SWIFT_ACTIVE_COMPILATION_CONDITIONS = DEBUG;
				SWIFT_OPTIMIZATION_LEVEL = "-Onone";
			};
			name = Debug;
		};
		E7CB8C4620EA0F80002287DA /* Release */ = {
			isa = XCBuildConfiguration;
			buildSettings = {
				ALWAYS_SEARCH_USER_PATHS = NO;
				CLANG_ANALYZER_NONNULL = YES;
				CLANG_ANALYZER_NUMBER_OBJECT_CONVERSION = YES_AGGRESSIVE;
				CLANG_CXX_LANGUAGE_STANDARD = "gnu++14";
				CLANG_CXX_LIBRARY = "libc++";
				CLANG_ENABLE_MODULES = YES;
				CLANG_ENABLE_OBJC_ARC = YES;
				CLANG_WARN_BLOCK_CAPTURE_AUTORELEASING = YES;
				CLANG_WARN_BOOL_CONVERSION = YES;
				CLANG_WARN_COMMA = YES;
				CLANG_WARN_CONSTANT_CONVERSION = YES;
				CLANG_WARN_DIRECT_OBJC_ISA_USAGE = YES_ERROR;
				CLANG_WARN_DOCUMENTATION_COMMENTS = YES;
				CLANG_WARN_EMPTY_BODY = YES;
				CLANG_WARN_ENUM_CONVERSION = YES;
				CLANG_WARN_INFINITE_RECURSION = YES;
				CLANG_WARN_INT_CONVERSION = YES;
				CLANG_WARN_NON_LITERAL_NULL_CONVERSION = YES;
				CLANG_WARN_OBJC_LITERAL_CONVERSION = YES;
				CLANG_WARN_OBJC_ROOT_CLASS = YES_ERROR;
				CLANG_WARN_RANGE_LOOP_ANALYSIS = YES;
				CLANG_WARN_STRICT_PROTOTYPES = YES;
				CLANG_WARN_SUSPICIOUS_MOVE = YES;
				CLANG_WARN_UNGUARDED_AVAILABILITY = YES_AGGRESSIVE;
				CLANG_WARN_UNREACHABLE_CODE = YES;
				CLANG_WARN__DUPLICATE_METHOD_MATCH = YES;
				CODE_SIGN_IDENTITY = "iPhone Distribution: DB Systel GmbH";
				CODE_SIGN_STYLE = Manual;
				COPY_PHASE_STRIP = NO;
				DEBUG_INFORMATION_FORMAT = "dwarf-with-dsym";
				ENABLE_NS_ASSERTIONS = NO;
				ENABLE_STRICT_OBJC_MSGSEND = YES;
				GCC_C_LANGUAGE_STANDARD = gnu11;
				GCC_NO_COMMON_BLOCKS = YES;
				GCC_WARN_64_TO_32_BIT_CONVERSION = YES;
				GCC_WARN_ABOUT_RETURN_TYPE = YES_ERROR;
				GCC_WARN_UNDECLARED_SELECTOR = YES;
				GCC_WARN_UNINITIALIZED_AUTOS = YES_AGGRESSIVE;
				GCC_WARN_UNUSED_FUNCTION = YES;
				GCC_WARN_UNUSED_VARIABLE = YES;
				IPHONEOS_DEPLOYMENT_TARGET = 11.2;
				MTL_ENABLE_DEBUG_INFO = NO;
				SDKROOT = iphoneos;
				SWIFT_OPTIMIZATION_LEVEL = "-Owholemodule";
				VALIDATE_PRODUCT = YES;
			};
			name = Release;
		};
		E7CB8C4820EA0F80002287DA /* Debug */ = {
			isa = XCBuildConfiguration;
			buildSettings = {
				ASSETCATALOG_COMPILER_APPICON_NAME = AppIcon;
				"CODE_SIGN_IDENTITY[sdk=iphoneos*]" = "iPhone Distribution";
				CODE_SIGN_STYLE = Manual;
				DEVELOPMENT_TEAM = WY955LPLRA;
				INFOPLIST_FILE = JenkinsFastlaneTest/Info.plist;
				LD_RUNPATH_SEARCH_PATHS = "$(inherited) @executable_path/Frameworks";
				PRODUCT_BUNDLE_IDENTIFIER = com.dbsystel.jenkinstest;
				PRODUCT_NAME = "$(TARGET_NAME)";
				PROVISIONING_PROFILE = "2ecba152-c424-4aa2-981b-3347f280db7f";
				PROVISIONING_PROFILE_SPECIFIER = "adhoc-jenkins-test";
				SWIFT_VERSION = 4.0;
				TARGETED_DEVICE_FAMILY = "1,2";
			};
			name = Debug;
		};
		E7CB8C4920EA0F80002287DA /* Release */ = {
			isa = XCBuildConfiguration;
			buildSettings = {
				ASSETCATALOG_COMPILER_APPICON_NAME = AppIcon;
				"CODE_SIGN_IDENTITY[sdk=iphoneos*]" = "iPhone Distribution";
				CODE_SIGN_STYLE = Manual;
				DEVELOPMENT_TEAM = WY955LPLRA;
				INFOPLIST_FILE = JenkinsFastlaneTest/Info.plist;
				LD_RUNPATH_SEARCH_PATHS = "$(inherited) @executable_path/Frameworks";
				PRODUCT_BUNDLE_IDENTIFIER = com.dbsystel.jenkinstest;
				PRODUCT_NAME = "$(TARGET_NAME)";
				PROVISIONING_PROFILE = "2ecba152-c424-4aa2-981b-3347f280db7f";
				PROVISIONING_PROFILE_SPECIFIER = "adhoc-jenkins-test";
				SWIFT_VERSION = 4.0;
				TARGETED_DEVICE_FAMILY = "1,2";
			};
			name = Release;
		};
/* End XCBuildConfiguration section */

/* Begin XCConfigurationList section */
		A619370220EB222600848E7F /* Build configuration list for PBXNativeTarget "JenkinsFastlaneTestTests" */ = {
			isa = XCConfigurationList;
			buildConfigurations = (
				A619370320EB222600848E7F /* Debug */,
				A619370420EB222600848E7F /* Release */,
			);
			defaultConfigurationIsVisible = 0;
			defaultConfigurationName = Release;
		};
		A61B8D8720EA40D7005B413F /* Build configuration list for PBXNativeTarget "JenkinsFastlaneTestUITests" */ = {
			isa = XCConfigurationList;
			buildConfigurations = (
				A61B8D8820EA40D7005B413F /* Debug */,
				A61B8D8920EA40D7005B413F /* Release */,
			);
			defaultConfigurationIsVisible = 0;
			defaultConfigurationName = Release;
		};
		E7CB8C1820EA0F80002287DA /* Build configuration list for PBXProject "JenkinsFastlaneTest" */ = {
			isa = XCConfigurationList;
			buildConfigurations = (
				E7CB8C4520EA0F80002287DA /* Debug */,
				E7CB8C4620EA0F80002287DA /* Release */,
			);
			defaultConfigurationIsVisible = 0;
			defaultConfigurationName = Release;
		};
		E7CB8C4720EA0F80002287DA /* Build configuration list for PBXNativeTarget "JenkinsFastlaneTest" */ = {
			isa = XCConfigurationList;
			buildConfigurations = (
				E7CB8C4820EA0F80002287DA /* Debug */,
				E7CB8C4920EA0F80002287DA /* Release */,
			);
			defaultConfigurationIsVisible = 0;
			defaultConfigurationName = Release;
		};
/* End XCConfigurationList section */
	};
	rootObject = E7CB8C1520EA0F80002287DA /* Project object */;
}
